// !$*UTF8*$!
{
	archiveVersion = 1;
	classes = {
	};
	objectVersion = 46;
	objects = {

/* Begin PBXBuildFile section */
		7448C9F71CC5D21500F9AC59 /* usuario.plist in Resources */ = {isa = PBXBuildFile; fileRef = 7448C9F61CC5D21500F9AC59 /* usuario.plist */; };
		7458E4761CC1CFFB0082503A /* muestraRespuesta.mp3 in Resources */ = {isa = PBXBuildFile; fileRef = 7458E4751CC1CFFB0082503A /* muestraRespuesta.mp3 */; };
		7458E4781CC1D45B0082503A /* ViewControllerAutores.swift in Sources */ = {isa = PBXBuildFile; fileRef = 7458E4771CC1D45B0082503A /* ViewControllerAutores.swift */; };
		7458E47A1CC1D9970082503A /* Blue_Skies.mp3 in Resources */ = {isa = PBXBuildFile; fileRef = 7458E4791CC1D9970082503A /* Blue_Skies.mp3 */; };
		7483F71F1C9DF203007370A0 /* ViewControllerFinDelJuego.swift in Sources */ = {isa = PBXBuildFile; fileRef = 7483F71E1C9DF203007370A0 /* ViewControllerFinDelJuego.swift */; };
		74CD9FEB1CC17F4200E262CF /* Intermedio.plist in Resources */ = {isa = PBXBuildFile; fileRef = 74CD9FEA1CC17F4200E262CF /* Intermedio.plist */; };
		74CD9FED1CC1808800E262CF /* BasicoTextos.plist in Resources */ = {isa = PBXBuildFile; fileRef = 74CD9FEC1CC1808800E262CF /* BasicoTextos.plist */; };
		74CD9FEF1CC1818200E262CF /* IntermedioTextos.plist in Resources */ = {isa = PBXBuildFile; fileRef = 74CD9FEE1CC1818200E262CF /* IntermedioTextos.plist */; };
		74CD9FF11CC181D800E262CF /* AvanzadoTextos.plist in Resources */ = {isa = PBXBuildFile; fileRef = 74CD9FF01CC181D800E262CF /* AvanzadoTextos.plist */; };
		74CD9FF41CC186BC00E262CF /* Avanzado.plist in Resources */ = {isa = PBXBuildFile; fileRef = 74CD9FF21CC186BC00E262CF /* Avanzado.plist */; };
		74CD9FF51CC186BC00E262CF /* Basico.plist in Resources */ = {isa = PBXBuildFile; fileRef = 74CD9FF31CC186BC00E262CF /* Basico.plist */; };
		74CD9FF81CC1A3BD00E262CF /* Blop.mp3 in Resources */ = {isa = PBXBuildFile; fileRef = 74CD9FF71CC1A3BD00E262CF /* Blop.mp3 */; };
		74CD9FFA1CC1A67700E262CF /* countdown.mp3 in Resources */ = {isa = PBXBuildFile; fileRef = 74CD9FF91CC1A67700E262CF /* countdown.mp3 */; };
		74CD9FFC1CC1B05400E262CF /* endOfGame.mp3 in Resources */ = {isa = PBXBuildFile; fileRef = 74CD9FFB1CC1B05400E262CF /* endOfGame.mp3 */; };
		F69AB7551C9CEFE20072F235 /* AppDelegate.swift in Sources */ = {isa = PBXBuildFile; fileRef = F69AB7541C9CEFE20072F235 /* AppDelegate.swift */; };
		F69AB7571C9CEFE20072F235 /* ViewController.swift in Sources */ = {isa = PBXBuildFile; fileRef = F69AB7561C9CEFE20072F235 /* ViewController.swift */; };
		F69AB75A1C9CEFE20072F235 /* Main.storyboard in Resources */ = {isa = PBXBuildFile; fileRef = F69AB7581C9CEFE20072F235 /* Main.storyboard */; };
		F69AB75C1C9CEFE20072F235 /* Assets.xcassets in Resources */ = {isa = PBXBuildFile; fileRef = F69AB75B1C9CEFE20072F235 /* Assets.xcassets */; };
		F69AB75F1C9CEFE20072F235 /* LaunchScreen.storyboard in Resources */ = {isa = PBXBuildFile; fileRef = F69AB75D1C9CEFE20072F235 /* LaunchScreen.storyboard */; };
		F69AB76E1C9D07DE0072F235 /* fondoGradiente.swift in Sources */ = {isa = PBXBuildFile; fileRef = F69AB76D1C9D07DE0072F235 /* fondoGradiente.swift */; };
		F69AB7701C9D16650072F235 /* ViewControllerNivel.swift in Sources */ = {isa = PBXBuildFile; fileRef = F69AB76F1C9D16650072F235 /* ViewControllerNivel.swift */; };
		F6F292D71C9DD365009FA50D /* jugador.swift in Sources */ = {isa = PBXBuildFile; fileRef = F6F292D61C9DD365009FA50D /* jugador.swift */; };
		F6F292D91C9DD969009FA50D /* ViewControllerPreguntas.swift in Sources */ = {isa = PBXBuildFile; fileRef = F6F292D81C9DD969009FA50D /* ViewControllerPreguntas.swift */; };
/* End PBXBuildFile section */

/* Begin PBXFileReference section */
		7448C9F61CC5D21500F9AC59 /* usuario.plist */ = {isa = PBXFileReference; fileEncoding = 4; lastKnownFileType = text.plist.xml; path = usuario.plist; sourceTree = "<group>"; };
		7458E4751CC1CFFB0082503A /* muestraRespuesta.mp3 */ = {isa = PBXFileReference; lastKnownFileType = audio.mp3; path = muestraRespuesta.mp3; sourceTree = "<group>"; };
		7458E4771CC1D45B0082503A /* ViewControllerAutores.swift */ = {isa = PBXFileReference; fileEncoding = 4; lastKnownFileType = sourcecode.swift; path = ViewControllerAutores.swift; sourceTree = "<group>"; };
		7458E4791CC1D9970082503A /* Blue_Skies.mp3 */ = {isa = PBXFileReference; lastKnownFileType = audio.mp3; path = Blue_Skies.mp3; sourceTree = "<group>"; };
		7483F71E1C9DF203007370A0 /* ViewControllerFinDelJuego.swift */ = {isa = PBXFileReference; fileEncoding = 4; lastKnownFileType = sourcecode.swift; path = ViewControllerFinDelJuego.swift; sourceTree = "<group>"; };
		74CD9FEA1CC17F4200E262CF /* Intermedio.plist */ = {isa = PBXFileReference; fileEncoding = 4; lastKnownFileType = text.plist.xml; path = Intermedio.plist; sourceTree = "<group>"; };
		74CD9FEC1CC1808800E262CF /* BasicoTextos.plist */ = {isa = PBXFileReference; fileEncoding = 4; lastKnownFileType = text.plist.xml; path = BasicoTextos.plist; sourceTree = "<group>"; };
		74CD9FEE1CC1818200E262CF /* IntermedioTextos.plist */ = {isa = PBXFileReference; fileEncoding = 4; lastKnownFileType = text.plist.xml; path = IntermedioTextos.plist; sourceTree = "<group>"; };
		74CD9FF01CC181D800E262CF /* AvanzadoTextos.plist */ = {isa = PBXFileReference; fileEncoding = 4; lastKnownFileType = text.plist.xml; path = AvanzadoTextos.plist; sourceTree = "<group>"; };
		74CD9FF21CC186BC00E262CF /* Avanzado.plist */ = {isa = PBXFileReference; fileEncoding = 4; lastKnownFileType = text.plist.xml; path = Avanzado.plist; sourceTree = "<group>"; };
		74CD9FF31CC186BC00E262CF /* Basico.plist */ = {isa = PBXFileReference; fileEncoding = 4; lastKnownFileType = text.plist.xml; path = Basico.plist; sourceTree = "<group>"; };
		74CD9FF71CC1A3BD00E262CF /* Blop.mp3 */ = {isa = PBXFileReference; lastKnownFileType = audio.mp3; path = Blop.mp3; sourceTree = "<group>"; };
		74CD9FF91CC1A67700E262CF /* countdown.mp3 */ = {isa = PBXFileReference; lastKnownFileType = audio.mp3; path = countdown.mp3; sourceTree = "<group>"; };
		74CD9FFB1CC1B05400E262CF /* endOfGame.mp3 */ = {isa = PBXFileReference; lastKnownFileType = audio.mp3; path = endOfGame.mp3; sourceTree = "<group>"; };
		F69AB7511C9CEFE20072F235 /* KimiTrivia.app */ = {isa = PBXFileReference; explicitFileType = wrapper.application; includeInIndex = 0; path = KimiTrivia.app; sourceTree = BUILT_PRODUCTS_DIR; };
		F69AB7541C9CEFE20072F235 /* AppDelegate.swift */ = {isa = PBXFileReference; lastKnownFileType = sourcecode.swift; path = AppDelegate.swift; sourceTree = "<group>"; };
		F69AB7561C9CEFE20072F235 /* ViewController.swift */ = {isa = PBXFileReference; lastKnownFileType = sourcecode.swift; path = ViewController.swift; sourceTree = "<group>"; };
		F69AB7591C9CEFE20072F235 /* Base */ = {isa = PBXFileReference; lastKnownFileType = file.storyboard; name = Base; path = Base.lproj/Main.storyboard; sourceTree = "<group>"; };
		F69AB75B1C9CEFE20072F235 /* Assets.xcassets */ = {isa = PBXFileReference; lastKnownFileType = folder.assetcatalog; path = Assets.xcassets; sourceTree = "<group>"; };
		F69AB75E1C9CEFE20072F235 /* Base */ = {isa = PBXFileReference; lastKnownFileType = file.storyboard; name = Base; path = Base.lproj/LaunchScreen.storyboard; sourceTree = "<group>"; };
		F69AB7601C9CEFE20072F235 /* Info.plist */ = {isa = PBXFileReference; lastKnownFileType = text.plist.xml; path = Info.plist; sourceTree = "<group>"; };
		F69AB76D1C9D07DE0072F235 /* fondoGradiente.swift */ = {isa = PBXFileReference; fileEncoding = 4; lastKnownFileType = sourcecode.swift; path = fondoGradiente.swift; sourceTree = "<group>"; };
		F69AB76F1C9D16650072F235 /* ViewControllerNivel.swift */ = {isa = PBXFileReference; fileEncoding = 4; lastKnownFileType = sourcecode.swift; path = ViewControllerNivel.swift; sourceTree = "<group>"; };
		F6F292D61C9DD365009FA50D /* jugador.swift */ = {isa = PBXFileReference; fileEncoding = 4; lastKnownFileType = sourcecode.swift; path = jugador.swift; sourceTree = "<group>"; };
		F6F292D81C9DD969009FA50D /* ViewControllerPreguntas.swift */ = {isa = PBXFileReference; fileEncoding = 4; lastKnownFileType = sourcecode.swift; path = ViewControllerPreguntas.swift; sourceTree = "<group>"; };
/* End PBXFileReference section */

/* Begin PBXFrameworksBuildPhase section */
		F69AB74E1C9CEFE20072F235 /* Frameworks */ = {
			isa = PBXFrameworksBuildPhase;
			buildActionMask = 2147483647;
			files = (
			);
			runOnlyForDeploymentPostprocessing = 0;
		};
/* End PBXFrameworksBuildPhase section */

/* Begin PBXGroup section */
		74CBF3F11CC566DF005226F4 /* View Controllers */ = {
			isa = PBXGroup;
			children = (
				F69AB76D1C9D07DE0072F235 /* fondoGradiente.swift */,
				F69AB7541C9CEFE20072F235 /* AppDelegate.swift */,
				F69AB7561C9CEFE20072F235 /* ViewController.swift */,
				7458E4771CC1D45B0082503A /* ViewControllerAutores.swift */,
				7483F71E1C9DF203007370A0 /* ViewControllerFinDelJuego.swift */,
				F6F292D81C9DD969009FA50D /* ViewControllerPreguntas.swift */,
				F69AB76F1C9D16650072F235 /* ViewControllerNivel.swift */,
			);
			name = "View Controllers";
			sourceTree = "<group>";
		};
		74CBF3F21CC56703005226F4 /* Clases */ = {
			isa = PBXGroup;
			children = (
				F6F292D61C9DD365009FA50D /* jugador.swift */,
			);
			name = Clases;
			sourceTree = "<group>";
		};
		74CD9FE91CC17F2D00E262CF /* Preguntas */ = {
			isa = PBXGroup;
			children = (
				74CD9FF21CC186BC00E262CF /* Avanzado.plist */,
				74CD9FF31CC186BC00E262CF /* Basico.plist */,
				74CD9FEA1CC17F4200E262CF /* Intermedio.plist */,
				74CD9FEC1CC1808800E262CF /* BasicoTextos.plist */,
				74CD9FEE1CC1818200E262CF /* IntermedioTextos.plist */,
				74CD9FF01CC181D800E262CF /* AvanzadoTextos.plist */,
			);
			name = Preguntas;
			sourceTree = "<group>";
		};
		74CD9FF61CC1A3A800E262CF /* Sonidos */ = {
			isa = PBXGroup;
			children = (
				74CD9FF91CC1A67700E262CF /* countdown.mp3 */,
				74CD9FFB1CC1B05400E262CF /* endOfGame.mp3 */,
				74CD9FF71CC1A3BD00E262CF /* Blop.mp3 */,
				7458E4751CC1CFFB0082503A /* muestraRespuesta.mp3 */,
				7458E4791CC1D9970082503A /* Blue_Skies.mp3 */,
			);
			name = Sonidos;
			sourceTree = "<group>";
		};
		F69AB7481C9CEFE20072F235 = {
			isa = PBXGroup;
			children = (
				F69AB7531C9CEFE20072F235 /* KimiTrivia */,
				F69AB7521C9CEFE20072F235 /* Products */,
			);
			sourceTree = "<group>";
		};
		F69AB7521C9CEFE20072F235 /* Products */ = {
			isa = PBXGroup;
			children = (
				F69AB7511C9CEFE20072F235 /* KimiTrivia.app */,
			);
			name = Products;
			sourceTree = "<group>";
		};
		F69AB7531C9CEFE20072F235 /* KimiTrivia */ = {
			isa = PBXGroup;
			children = (
				F69AB7581C9CEFE20072F235 /* Main.storyboard */,
				7448C9F61CC5D21500F9AC59 /* usuario.plist */,
				F69AB75D1C9CEFE20072F235 /* LaunchScreen.storyboard */,
				F69AB75B1C9CEFE20072F235 /* Assets.xcassets */,
				F69AB7601C9CEFE20072F235 /* Info.plist */,
				74CBF3F11CC566DF005226F4 /* View Controllers */,
				74CBF3F21CC56703005226F4 /* Clases */,
				74CD9FF61CC1A3A800E262CF /* Sonidos */,
				74CD9FE91CC17F2D00E262CF /* Preguntas */,
			);
			path = KimiTrivia;
			sourceTree = "<group>";
		};
/* End PBXGroup section */

/* Begin PBXNativeTarget section */
		F69AB7501C9CEFE20072F235 /* KimiTrivia */ = {
			isa = PBXNativeTarget;
			buildConfigurationList = F69AB7631C9CEFE20072F235 /* Build configuration list for PBXNativeTarget "KimiTrivia" */;
			buildPhases = (
				F69AB74D1C9CEFE20072F235 /* Sources */,
				F69AB74E1C9CEFE20072F235 /* Frameworks */,
				F69AB74F1C9CEFE20072F235 /* Resources */,
			);
			buildRules = (
			);
			dependencies = (
			);
			name = KimiTrivia;
			productName = KimiTrivia;
			productReference = F69AB7511C9CEFE20072F235 /* KimiTrivia.app */;
			productType = "com.apple.product-type.application";
		};
/* End PBXNativeTarget section */

/* Begin PBXProject section */
		F69AB7491C9CEFE20072F235 /* Project object */ = {
			isa = PBXProject;
			attributes = {
				LastSwiftUpdateCheck = 0720;
				LastUpgradeCheck = 0720;
				ORGANIZATIONNAME = "Ana Karen Reyna";
				TargetAttributes = {
					F69AB7501C9CEFE20072F235 = {
						CreatedOnToolsVersion = 7.2.1;
					};
				};
			};
			buildConfigurationList = F69AB74C1C9CEFE20072F235 /* Build configuration list for PBXProject "KimiTrivia" */;
			compatibilityVersion = "Xcode 3.2";
			developmentRegion = English;
			hasScannedForEncodings = 0;
			knownRegions = (
				en,
				Base,
			);
			mainGroup = F69AB7481C9CEFE20072F235;
			productRefGroup = F69AB7521C9CEFE20072F235 /* Products */;
			projectDirPath = "";
			projectRoot = "";
			targets = (
				F69AB7501C9CEFE20072F235 /* KimiTrivia */,
			);
		};
/* End PBXProject section */

/* Begin PBXResourcesBuildPhase section */
		F69AB74F1C9CEFE20072F235 /* Resources */ = {
			isa = PBXResourcesBuildPhase;
			buildActionMask = 2147483647;
			files = (
				F69AB75F1C9CEFE20072F235 /* LaunchScreen.storyboard in Resources */,
				74CD9FF51CC186BC00E262CF /* Basico.plist in Resources */,
				74CD9FFA1CC1A67700E262CF /* countdown.mp3 in Resources */,
				7448C9F71CC5D21500F9AC59 /* usuario.plist in Resources */,
				F69AB75C1C9CEFE20072F235 /* Assets.xcassets in Resources */,
				7458E47A1CC1D9970082503A /* Blue_Skies.mp3 in Resources */,
				74CD9FF11CC181D800E262CF /* AvanzadoTextos.plist in Resources */,
				74CD9FEB1CC17F4200E262CF /* Intermedio.plist in Resources */,
				74CD9FF41CC186BC00E262CF /* Avanzado.plist in Resources */,
				F69AB75A1C9CEFE20072F235 /* Main.storyboard in Resources */,
				74CD9FF81CC1A3BD00E262CF /* Blop.mp3 in Resources */,
				74CD9FFC1CC1B05400E262CF /* endOfGame.mp3 in Resources */,
				7458E4761CC1CFFB0082503A /* muestraRespuesta.mp3 in Resources */,
				74CD9FED1CC1808800E262CF /* BasicoTextos.plist in Resources */,
				74CD9FEF1CC1818200E262CF /* IntermedioTextos.plist in Resources */,
			);
			runOnlyForDeploymentPostprocessing = 0;
		};
/* End PBXResourcesBuildPhase section */

/* Begin PBXSourcesBuildPhase section */
		F69AB74D1C9CEFE20072F235 /* Sources */ = {
			isa = PBXSourcesBuildPhase;
			buildActionMask = 2147483647;
			files = (
				7458E4781CC1D45B0082503A /* ViewControllerAutores.swift in Sources */,
				F6F292D71C9DD365009FA50D /* jugador.swift in Sources */,
				7483F71F1C9DF203007370A0 /* ViewControllerFinDelJuego.swift in Sources */,
				F69AB76E1C9D07DE0072F235 /* fondoGradiente.swift in Sources */,
				F69AB7701C9D16650072F235 /* ViewControllerNivel.swift in Sources */,
				F69AB7571C9CEFE20072F235 /* ViewController.swift in Sources */,
				F6F292D91C9DD969009FA50D /* ViewControllerPreguntas.swift in Sources */,
				F69AB7551C9CEFE20072F235 /* AppDelegate.swift in Sources */,
			);
			runOnlyForDeploymentPostprocessing = 0;
		};
/* End PBXSourcesBuildPhase section */

/* Begin PBXVariantGroup section */
		F69AB7581C9CEFE20072F235 /* Main.storyboard */ = {
			isa = PBXVariantGroup;
			children = (
				F69AB7591C9CEFE20072F235 /* Base */,
			);
			name = Main.storyboard;
			sourceTree = "<group>";
		};
		F69AB75D1C9CEFE20072F235 /* LaunchScreen.storyboard */ = {
			isa = PBXVariantGroup;
			children = (
				F69AB75E1C9CEFE20072F235 /* Base */,
			);
			name = LaunchScreen.storyboard;
			sourceTree = "<group>";
		};
/* End PBXVariantGroup section */

/* Begin XCBuildConfiguration section */
		F69AB7611C9CEFE20072F235 /* Debug */ = {
			isa = XCBuildConfiguration;
			buildSettings = {
				ALWAYS_SEARCH_USER_PATHS = NO;
				CLANG_CXX_LANGUAGE_STANDARD = "gnu++0x";
				CLANG_CXX_LIBRARY = "libc++";
				CLANG_ENABLE_MODULES = YES;
				CLANG_ENABLE_OBJC_ARC = YES;
				CLANG_WARN_BOOL_CONVERSION = YES;
				CLANG_WARN_CONSTANT_CONVERSION = YES;
				CLANG_WARN_DIRECT_OBJC_ISA_USAGE = YES_ERROR;
				CLANG_WARN_EMPTY_BODY = YES;
				CLANG_WARN_ENUM_CONVERSION = YES;
				CLANG_WARN_INT_CONVERSION = YES;
				CLANG_WARN_OBJC_ROOT_CLASS = YES_ERROR;
				CLANG_WARN_UNREACHABLE_CODE = YES;
				CLANG_WARN__DUPLICATE_METHOD_MATCH = YES;
				"CODE_SIGN_IDENTITY[sdk=iphoneos*]" = "iPhone Developer";
				COPY_PHASE_STRIP = NO;
				DEBUG_INFORMATION_FORMAT = dwarf;
				ENABLE_STRICT_OBJC_MSGSEND = YES;
				ENABLE_TESTABILITY = YES;
				GCC_C_LANGUAGE_STANDARD = gnu99;
				GCC_DYNAMIC_NO_PIC = NO;
				GCC_NO_COMMON_BLOCKS = YES;
				GCC_OPTIMIZATION_LEVEL = 0;
				GCC_PREPROCESSOR_DEFINITIONS = (
					"DEBUG=1",
					"$(inherited)",
				);
				GCC_WARN_64_TO_32_BIT_CONVERSION = YES;
				GCC_WARN_ABOUT_RETURN_TYPE = YES_ERROR;
				GCC_WARN_UNDECLARED_SELECTOR = YES;
				GCC_WARN_UNINITIALIZED_AUTOS = YES_AGGRESSIVE;
				GCC_WARN_UNUSED_FUNCTION = YES;
				GCC_WARN_UNUSED_VARIABLE = YES;
				IPHONEOS_DEPLOYMENT_TARGET = 9.2;
				MTL_ENABLE_DEBUG_INFO = YES;
				ONLY_ACTIVE_ARCH = YES;
				SDKROOT = iphoneos;
				SWIFT_OPTIMIZATION_LEVEL = "-Onone";
				TARGETED_DEVICE_FAMILY = "1,2";
			};
			name = Debug;
		};
		F69AB7621C9CEFE20072F235 /* Release */ = {
			isa = XCBuildConfiguration;
			buildSettings = {
				ALWAYS_SEARCH_USER_PATHS = NO;
				CLANG_CXX_LANGUAGE_STANDARD = "gnu++0x";
				CLANG_CXX_LIBRARY = "libc++";
				CLANG_ENABLE_MODULES = YES;
				CLANG_ENABLE_OBJC_ARC = YES;
				CLANG_WARN_BOOL_CONVERSION = YES;
				CLANG_WARN_CONSTANT_CONVERSION = YES;
				CLANG_WARN_DIRECT_OBJC_ISA_USAGE = YES_ERROR;
				CLANG_WARN_EMPTY_BODY = YES;
				CLANG_WARN_ENUM_CONVERSION = YES;
				CLANG_WARN_INT_CONVERSION = YES;
				CLANG_WARN_OBJC_ROOT_CLASS = YES_ERROR;
				CLANG_WARN_UNREACHABLE_CODE = YES;
				CLANG_WARN__DUPLICATE_METHOD_MATCH = YES;
				"CODE_SIGN_IDENTITY[sdk=iphoneos*]" = "iPhone Developer";
				COPY_PHASE_STRIP = NO;
				DEBUG_INFORMATION_FORMAT = "dwarf-with-dsym";
				ENABLE_NS_ASSERTIONS = NO;
				ENABLE_STRICT_OBJC_MSGSEND = YES;
				GCC_C_LANGUAGE_STANDARD = gnu99;
				GCC_NO_COMMON_BLOCKS = YES;
				GCC_WARN_64_TO_32_BIT_CONVERSION = YES;
				GCC_WARN_ABOUT_RETURN_TYPE = YES_ERROR;
				GCC_WARN_UNDECLARED_SELECTOR = YES;
				GCC_WARN_UNINITIALIZED_AUTOS = YES_AGGRESSIVE;
				GCC_WARN_UNUSED_FUNCTION = YES;
				GCC_WARN_UNUSED_VARIABLE = YES;
				IPHONEOS_DEPLOYMENT_TARGET = 9.2;
				MTL_ENABLE_DEBUG_INFO = NO;
				SDKROOT = iphoneos;
				TARGETED_DEVICE_FAMILY = "1,2";
				VALIDATE_PRODUCT = YES;
			};
			name = Release;
		};
		F69AB7641C9CEFE20072F235 /* Debug */ = {
			isa = XCBuildConfiguration;
			buildSettings = {
				ASSETCATALOG_COMPILER_APPICON_NAME = AppIcon;
				INFOPLIST_FILE = KimiTrivia/Info.plist;
				LD_RUNPATH_SEARCH_PATHS = "$(inherited) @executable_path/Frameworks";
				PRODUCT_BUNDLE_IDENTIFIER = karenreyna.KimiTrivia;
				PRODUCT_NAME = "$(TARGET_NAME)";
			};
			name = Debug;
		};
		F69AB7651C9CEFE20072F235 /* Release */ = {
			isa = XCBuildConfiguration;
			buildSettings = {
				ASSETCATALOG_COMPILER_APPICON_NAME = AppIcon;
				INFOPLIST_FILE = KimiTrivia/Info.plist;
				LD_RUNPATH_SEARCH_PATHS = "$(inherited) @executable_path/Frameworks";
				PRODUCT_BUNDLE_IDENTIFIER = karenreyna.KimiTrivia;
				PRODUCT_NAME = "$(TARGET_NAME)";
			};
			name = Release;
		};
/* End XCBuildConfiguration section */

/* Begin XCConfigurationList section */
		F69AB74C1C9CEFE20072F235 /* Build configuration list for PBXProject "KimiTrivia" */ = {
			isa = XCConfigurationList;
			buildConfigurations = (
				F69AB7611C9CEFE20072F235 /* Debug */,
				F69AB7621C9CEFE20072F235 /* Release */,
			);
			defaultConfigurationIsVisible = 0;
			defaultConfigurationName = Release;
		};
		F69AB7631C9CEFE20072F235 /* Build configuration list for PBXNativeTarget "KimiTrivia" */ = {
			isa = XCConfigurationList;
			buildConfigurations = (
				F69AB7641C9CEFE20072F235 /* Debug */,
				F69AB7651C9CEFE20072F235 /* Release */,
			);
			defaultConfigurationIsVisible = 0;
			defaultConfigurationName = Release;
		};
/* End XCConfigurationList section */
	};
	rootObject = F69AB7491C9CEFE20072F235 /* Project object */;
}
